{
  "name": "node-red-contrib-azure-blob-storage",
  "version": "0.4.0",
  "lockfileVersion": 1,
  "requires": true,
  "dependencies": {
    "azure-storage": {
      "version": "1.0.1",
      "resolved": "https://registry.npmjs.org/azure-storage/-/azure-storage-1.0.1.tgz",
      "integrity": "sha1-R/ZNxKevbLYyqu3bjoov0ICxzqw=",
      "requires": {
        "browserify-mime": "1.2.9",
        "extend": "1.2.1",
        "json-edm-parser": "0.1.2",
        "node-uuid": "1.4.7",
        "readable-stream": "2.0.6",
        "request": "2.69.0",
        "underscore": "1.4.4",
        "validator": "3.22.2",
        "xml2js": "0.2.7",
        "xmlbuilder": "0.4.3"
      },
      "dependencies": {
        "browserify-mime": {
          "version": "1.2.9",
          "resolved": "https://registry.npmjs.org/browserify-mime/-/browserify-mime-1.2.9.tgz",
          "integrity": "sha1-rrGvKN5sDXpqLOQK22j/GEIq8x8="
        },
        "extend": {
          "version": "1.2.1",
          "resolved": "https://registry.npmjs.org/extend/-/extend-1.2.1.tgz",
          "integrity": "sha1-oPX9bPyDpf5J72mNYOyKYk3UV2w="
        },
        "json-edm-parser": {
          "version": "0.1.2",
          "resolved": "https://registry.npmjs.org/json-edm-parser/-/json-edm-parser-0.1.2.tgz",
          "integrity": "sha1-HmCw/vG8CvZ7wNFG393lSGzWFbQ=",
          "requires": {
            "jsonparse": "1.2.0"
          },
          "dependencies": {
            "jsonparse": {
              "version": "1.2.0",
              "resolved": "https://registry.npmjs.org/jsonparse/-/jsonparse-1.2.0.tgz",
              "integrity": "sha1-XAxWhRBxYOcv50ib3eoLRMK8Z70="
            }
          }
        },
        "node-uuid": {
          "version": "1.4.7",
          "resolved": "https://registry.npmjs.org/node-uuid/-/node-uuid-1.4.7.tgz",
          "integrity": "sha1-baWhdmjEs91ZYjvaEc9/pMH2Cm8="
        },
        "readable-stream": {
          "version": "2.0.6",
          "resolved": "https://registry.npmjs.org/readable-stream/-/readable-stream-2.0.6.tgz",
          "integrity": "sha1-j5A0HmilPMySh4jaz80Rs265t44=",
          "requires": {
            "core-util-is": "1.0.2",
            "inherits": "2.0.1",
            "isarray": "1.0.0",
            "process-nextick-args": "1.0.7",
            "string_decoder": "0.10.31",
            "util-deprecate": "1.0.2"
          },
          "dependencies": {
            "core-util-is": {
              "version": "1.0.2",
              "resolved": "https://registry.npmjs.org/core-util-is/-/core-util-is-1.0.2.tgz",
              "integrity": "sha1-tf1UIgqivFq1eqtxQMlAdUUDwac="
            },
            "inherits": {
              "version": "2.0.1",
              "resolved": "https://registry.npmjs.org/inherits/-/inherits-2.0.1.tgz",
              "integrity": "sha1-sX0I0ya0Qj5Wjv9xn5GwscvfafE="
            },
            "isarray": {
              "version": "1.0.0",
              "resolved": "https://registry.npmjs.org/isarray/-/isarray-1.0.0.tgz",
              "integrity": "sha1-u5NdSFgsuhaMBoNJV6VKPgcSTxE="
            },
            "process-nextick-args": {
              "version": "1.0.7",
              "resolved": "https://registry.npmjs.org/process-nextick-args/-/process-nextick-args-1.0.7.tgz",
              "integrity": "sha1-FQ4gt1ZZCtP5EJPyWk8q2L/zC6M="
            },
            "string_decoder": {
              "version": "0.10.31",
              "resolved": "https://registry.npmjs.org/string_decoder/-/string_decoder-0.10.31.tgz",
              "integrity": "sha1-YuIDvEF2bGwoyfyEMB2rHFMQ+pQ="
            },
            "util-deprecate": {
              "version": "1.0.2",
              "resolved": "https://registry.npmjs.org/util-deprecate/-/util-deprecate-1.0.2.tgz",
              "integrity": "sha1-RQ1Nyfpw3nMnYvvS1KKJgUGaDM8="
            }
          }
        },
        "request": {
          "version": "2.69.0",
          "resolved": "https://registry.npmjs.org/request/-/request-2.69.0.tgz",
          "integrity": "sha1-z5HS4AB1KxIXFVwAUkGRGZGiNGo=",
          "requires": {
            "aws-sign2": "0.6.0",
            "aws4": "1.4.1",
            "bl": "1.0.3",
            "caseless": "0.11.0",
            "combined-stream": "1.0.5",
            "extend": "3.0.0",
            "forever-agent": "0.6.1",
            "form-data": "1.0.0-rc4",
            "har-validator": "2.0.6",
            "hawk": "3.1.3",
            "http-signature": "1.1.1",
            "is-typedarray": "1.0.0",
            "isstream": "0.1.2",
            "json-stringify-safe": "5.0.1",
            "mime-types": "2.1.11",
            "node-uuid": "1.4.7",
            "oauth-sign": "0.8.2",
            "qs": "6.0.2",
            "stringstream": "0.0.5",
            "tough-cookie": "2.2.2",
            "tunnel-agent": "0.4.3"
          },
          "dependencies": {
            "aws-sign2": {
              "version": "0.6.0",
              "resolved": "https://registry.npmjs.org/aws-sign2/-/aws-sign2-0.6.0.tgz",
              "integrity": "sha1-FDQt0428yU0OW4fXY81jYSwOeU8="
            },
            "aws4": {
              "version": "1.4.1",
              "resolved": "https://registry.npmjs.org/aws4/-/aws4-1.4.1.tgz",
              "integrity": "sha1-/efVKSRm0jDl7g9OA42d+qsI/GE="
            },
            "bl": {
              "version": "1.0.3",
              "resolved": "https://registry.npmjs.org/bl/-/bl-1.0.3.tgz",
              "integrity": "sha1-/FQhoo/UImA2w7OJGmaiW8ZNIm4=",
              "requires": {
                "readable-stream": "2.0.6"
              }
            },
            "caseless": {
              "version": "0.11.0",
              "resolved": "https://registry.npmjs.org/caseless/-/caseless-0.11.0.tgz",
              "integrity": "sha1-cVuW6phBWTzDMGeSP17GDr2k99c="
            },
            "combined-stream": {
              "version": "1.0.5",
              "resolved": "https://registry.npmjs.org/combined-stream/-/combined-stream-1.0.5.tgz",
              "integrity": "sha1-k4NwpXtKUd6ix3wV1cX9+JUWQAk=",
              "requires": {
                "delayed-stream": "1.0.0"
              },
              "dependencies": {
                "delayed-stream": {
                  "version": "1.0.0",
                  "resolved": "https://registry.npmjs.org/delayed-stream/-/delayed-stream-1.0.0.tgz",
                  "integrity": "sha1-3zrhmayt+31ECqrgsp4icrJOxhk="
                }
              }
            },
            "extend": {
              "version": "3.0.0",
              "resolved": "https://registry.npmjs.org/extend/-/extend-3.0.0.tgz",
              "integrity": "sha1-WkdDU7nzNT3dgXbf03uRyDpG8dQ="
            },
            "forever-agent": {
              "version": "0.6.1",
              "resolved": "https://registry.npmjs.org/forever-agent/-/forever-agent-0.6.1.tgz",
              "integrity": "sha1-+8cfDEGt6zf5bFd60e1C2P2sypE="
            },
            "form-data": {
              "version": "1.0.0-rc4",
              "resolved": "https://registry.npmjs.org/form-data/-/form-data-1.0.0-rc4.tgz",
              "integrity": "sha1-BaxrwiIntD5EYfSIFhVUaZ1Pi14=",
              "requires": {
                "async": "1.5.2",
                "combined-stream": "1.0.5",
                "mime-types": "2.1.11"
              },
              "dependencies": {
                "async": {
                  "version": "1.5.2",
                  "resolved": "https://registry.npmjs.org/async/-/async-1.5.2.tgz",
                  "integrity": "sha1-7GphrlZIDAw8skHJVhjiCJL5Zyo="
                }
              }
            },
            "har-validator": {
              "version": "2.0.6",
              "resolved": "https://registry.npmjs.org/har-validator/-/har-validator-2.0.6.tgz",
              "integrity": "sha1-zcvAgYgmWtEZtqWnyKtw7s+10n0=",
              "requires": {
                "chalk": "1.1.3",
                "commander": "2.9.0",
                "is-my-json-valid": "2.13.1",
                "pinkie-promise": "2.0.1"
              },
              "dependencies": {
                "chalk": {
                  "version": "1.1.3",
                  "resolved": "https://registry.npmjs.org/chalk/-/chalk-1.1.3.tgz",
                  "integrity": "sha1-qBFcVeSnAv5NFQq9OHKCKn4J/Jg=",
                  "requires": {
                    "ansi-styles": "2.2.1",
                    "escape-string-regexp": "1.0.5",
                    "has-ansi": "2.0.0",
                    "strip-ansi": "3.0.1",
                    "supports-color": "2.0.0"
                  },
                  "dependencies": {
                    "ansi-styles": {
                      "version": "2.2.1",
                      "resolved": "https://registry.npmjs.org/ansi-styles/-/ansi-styles-2.2.1.tgz",
                      "integrity": "sha1-tDLdM1i2NM914eRmQ2gkBTPB3b4="
                    },
                    "escape-string-regexp": {
                      "version": "1.0.5",
                      "resolved": "https://registry.npmjs.org/escape-string-regexp/-/escape-string-regexp-1.0.5.tgz",
                      "integrity": "sha1-G2HAViGQqN/2rjuyzwIAyhMLhtQ="
                    },
                    "has-ansi": {
                      "version": "2.0.0",
                      "resolved": "https://registry.npmjs.org/has-ansi/-/has-ansi-2.0.0.tgz",
                      "integrity": "sha1-NPUEnOHs3ysGSa8+8k5F7TVBbZE=",
                      "requires": {
                        "ansi-regex": "2.0.0"
                      },
                      "dependencies": {
                        "ansi-regex": {
                          "version": "2.0.0",
                          "resolved": "https://registry.npmjs.org/ansi-regex/-/ansi-regex-2.0.0.tgz",
                          "integrity": "sha1-xQYbbg74qBd15Q9dZhUb9r83EQc="
                        }
                      }
                    },
                    "strip-ansi": {
                      "version": "3.0.1",
                      "resolved": "https://registry.npmjs.org/strip-ansi/-/strip-ansi-3.0.1.tgz",
                      "integrity": "sha1-ajhfuIU9lS1f8F0Oiq+UJ43GPc8=",
                      "requires": {
                        "ansi-regex": "2.0.0"
                      },
                      "dependencies": {
                        "ansi-regex": {
                          "version": "2.0.0",
                          "resolved": "https://registry.npmjs.org/ansi-regex/-/ansi-regex-2.0.0.tgz",
                          "integrity": "sha1-xQYbbg74qBd15Q9dZhUb9r83EQc="
                        }
                      }
                    },
                    "supports-color": {
                      "version": "2.0.0",
                      "resolved": "https://registry.npmjs.org/supports-color/-/supports-color-2.0.0.tgz",
                      "integrity": "sha1-U10EXOa2Nj+kARcIRimZXp3zJMc="
                    }
                  }
                },
                "commander": {
                  "version": "2.9.0",
                  "resolved": "https://registry.npmjs.org/commander/-/commander-2.9.0.tgz",
                  "integrity": "sha1-nJkJQXbhIkDLItbFFGCYQA/g99Q=",
                  "requires": {
                    "graceful-readlink": "1.0.1"
                  },
                  "dependencies": {
                    "graceful-readlink": {
                      "version": "1.0.1",
                      "resolved": "https://registry.npmjs.org/graceful-readlink/-/graceful-readlink-1.0.1.tgz",
                      "integrity": "sha1-TK+tdrxi8C+gObL5Tpo906ORpyU="
                    }
                  }
                },
                "is-my-json-valid": {
                  "version": "2.13.1",
                  "resolved": "https://registry.npmjs.org/is-my-json-valid/-/is-my-json-valid-2.13.1.tgz",
                  "integrity": "sha1-1Vd4qC/rawlj/0vhEdXRaE6JBwc=",
                  "requires": {
                    "generate-function": "2.0.0",
                    "generate-object-property": "1.2.0",
                    "jsonpointer": "2.0.0",
                    "xtend": "4.0.1"
                  },
                  "dependencies": {
                    "generate-function": {
                      "version": "2.0.0",
                      "resolved": "https://registry.npmjs.org/generate-function/-/generate-function-2.0.0.tgz",
                      "integrity": "sha1-aFj+fAlpt9TpCTM3ZHrHn2DfvnQ="
                    },
                    "generate-object-property": {
                      "version": "1.2.0",
                      "resolved": "https://registry.npmjs.org/generate-object-property/-/generate-object-property-1.2.0.tgz",
                      "integrity": "sha1-nA4cQDCM6AT0eDYYuTf6iPmdUNA=",
                      "requires": {
                        "is-property": "1.0.2"
                      },
                      "dependencies": {
                        "is-property": {
                          "version": "1.0.2",
                          "resolved": "https://registry.npmjs.org/is-property/-/is-property-1.0.2.tgz",
                          "integrity": "sha1-V/4cTkhHTt1lsJkR8msc1Ald2oQ="
                        }
                      }
                    },
                    "jsonpointer": {
                      "version": "2.0.0",
                      "resolved": "https://registry.npmjs.org/jsonpointer/-/jsonpointer-2.0.0.tgz",
                      "integrity": "sha1-OvHdIP6FRjkQ1GmjheMwF9KgMNk="
                    },
                    "xtend": {
                      "version": "4.0.1",
                      "resolved": "https://registry.npmjs.org/xtend/-/xtend-4.0.1.tgz",
                      "integrity": "sha1-pcbVMr5lbiPbgg77lDofBJmNY68="
                    }
                  }
                },
                "pinkie-promise": {
                  "version": "2.0.1",
                  "resolved": "https://registry.npmjs.org/pinkie-promise/-/pinkie-promise-2.0.1.tgz",
                  "integrity": "sha1-ITXW36ejWMBprJsXh3YogihFD/o=",
                  "requires": {
                    "pinkie": "2.0.4"
                  },
                  "dependencies": {
                    "pinkie": {
                      "version": "2.0.4",
                      "resolved": "https://registry.npmjs.org/pinkie/-/pinkie-2.0.4.tgz",
                      "integrity": "sha1-clVrgM+g1IqXToDnckjoDtT3+HA="
                    }
                  }
                }
              }
            },
            "hawk": {
              "version": "3.1.3",
              "resolved": "https://registry.npmjs.org/hawk/-/hawk-3.1.3.tgz",
              "integrity": "sha1-B4REvXwWQLD+VA0sm3PVlnjo4cQ=",
              "requires": {
                "boom": "2.10.1",
                "cryptiles": "2.0.5",
                "hoek": "2.16.3",
                "sntp": "1.0.9"
              },
              "dependencies": {
                "boom": {
                  "version": "2.10.1",
                  "resolved": "https://registry.npmjs.org/boom/-/boom-2.10.1.tgz",
                  "integrity": "sha1-OciRjO/1eZ+D+UkqhI9iWt0Mdm8=",
                  "requires": {
                    "hoek": "2.16.3"
                  }
                },
                "cryptiles": {
                  "version": "2.0.5",
                  "resolved": "https://registry.npmjs.org/cryptiles/-/cryptiles-2.0.5.tgz",
                  "integrity": "sha1-O9/s3GCBR8HGcgL6KR59ylnqo7g=",
                  "requires": {
                    "boom": "2.10.1"
                  }
                },
                "hoek": {
                  "version": "2.16.3",
                  "resolved": "https://registry.npmjs.org/hoek/-/hoek-2.16.3.tgz",
                  "integrity": "sha1-ILt0A9POo5jpHcRxCo/xuCdKJe0="
                },
                "sntp": {
                  "version": "1.0.9",
                  "resolved": "https://registry.npmjs.org/sntp/-/sntp-1.0.9.tgz",
                  "integrity": "sha1-ZUEYTMkK7qbG57NeJlkIJEPGYZg=",
                  "requires": {
                    "hoek": "2.16.3"
                  }
                }
              }
            },
            "http-signature": {
              "version": "1.1.1",
              "resolved": "https://registry.npmjs.org/http-signature/-/http-signature-1.1.1.tgz",
              "integrity": "sha1-33LiZwZs0Kxn+3at+OE0qPvPkb8=",
              "requires": {
                "assert-plus": "0.2.0",
                "jsprim": "1.2.2",
                "sshpk": "1.8.3"
              },
              "dependencies": {
                "assert-plus": {
                  "version": "0.2.0",
                  "resolved": "https://registry.npmjs.org/assert-plus/-/assert-plus-0.2.0.tgz",
                  "integrity": "sha1-104bh+ev/A24qttwIfP+SBAasjQ="
                },
                "jsprim": {
                  "version": "1.2.2",
                  "resolved": "https://registry.npmjs.org/jsprim/-/jsprim-1.2.2.tgz",
                  "integrity": "sha1-8gyQaskqvVjjt5rIvHCkiDJRLaE=",
                  "requires": {
                    "extsprintf": "1.0.2",
                    "json-schema": "0.2.2",
                    "verror": "1.3.6"
                  },
                  "dependencies": {
                    "extsprintf": {
                      "version": "1.0.2",
                      "resolved": "https://registry.npmjs.org/extsprintf/-/extsprintf-1.0.2.tgz",
                      "integrity": "sha1-4QgOBljjALBilJkMxw4VAiNf1VA="
                    },
                    "json-schema": {
                      "version": "0.2.2",
                      "resolved": "https://registry.npmjs.org/json-schema/-/json-schema-0.2.2.tgz",
                      "integrity": "sha1-UDVPGfYDkXxpX3C4Wvp3w7DyNQY="
                    },
                    "verror": {
                      "version": "1.3.6",
                      "resolved": "https://registry.npmjs.org/verror/-/verror-1.3.6.tgz",
                      "integrity": "sha1-z/XfEpRtKX0rqu+qJoniW+AcAFw=",
                      "requires": {
                        "extsprintf": "1.0.2"
                      }
                    }
                  }
                },
                "sshpk": {
                  "version": "1.8.3",
                  "resolved": "https://registry.npmjs.org/sshpk/-/sshpk-1.8.3.tgz",
                  "integrity": "sha1-iQzJ1hTcUpLlyxpUOwPJq6pcN04=",
                  "requires": {
                    "asn1": "0.2.3",
                    "assert-plus": "1.0.0",
                    "dashdash": "1.14.0",
                    "ecc-jsbn": "0.1.1",
                    "getpass": "0.1.6",
                    "jodid25519": "1.0.2",
                    "jsbn": "0.1.0",
                    "tweetnacl": "0.13.3"
                  },
                  "dependencies": {
                    "asn1": {
                      "version": "0.2.3",
                      "resolved": "https://registry.npmjs.org/asn1/-/asn1-0.2.3.tgz",
                      "integrity": "sha1-2sh4dxPJlmhJ/IGAd36+nB3fO4Y="
                    },
                    "assert-plus": {
                      "version": "1.0.0",
                      "resolved": "https://registry.npmjs.org/assert-plus/-/assert-plus-1.0.0.tgz",
                      "integrity": "sha1-8S4PPF13sLHN2RRpQuTpbB5N1SU="
                    },
                    "dashdash": {
                      "version": "1.14.0",
                      "resolved": "https://registry.npmjs.org/dashdash/-/dashdash-1.14.0.tgz",
                      "integrity": "sha1-KeSGxUGL8PNWA0qZPVFoajPoQUE=",
                      "requires": {
                        "assert-plus": "1.0.0"
                      }
                    },
                    "ecc-jsbn": {
                      "version": "0.1.1",
                      "resolved": "https://registry.npmjs.org/ecc-jsbn/-/ecc-jsbn-0.1.1.tgz",
                      "integrity": "sha1-D8c6ntXw1Tw4GTOYUj735UN3dQU=",
                      "optional": true,
                      "requires": {
                        "jsbn": "0.1.0"
                      }
                    },
                    "getpass": {
                      "version": "0.1.6",
                      "resolved": "https://registry.npmjs.org/getpass/-/getpass-0.1.6.tgz",
                      "integrity": "sha1-KD/9n8ElaECHUxHBtg6MQBhxEOY=",
                      "requires": {
                        "assert-plus": "1.0.0"
                      }
                    },
                    "jodid25519": {
                      "version": "1.0.2",
                      "resolved": "https://registry.npmjs.org/jodid25519/-/jodid25519-1.0.2.tgz",
                      "integrity": "sha1-BtSRIlUJNBlHfUJWM2BuDpB4KWc=",
                      "optional": true,
                      "requires": {
                        "jsbn": "0.1.0"
                      }
                    },
                    "jsbn": {
                      "version": "0.1.0",
                      "resolved": "https://registry.npmjs.org/jsbn/-/jsbn-0.1.0.tgz",
                      "integrity": "sha1-ZQmH2g3XT06/WhE3eiqi0nPpff0=",
                      "optional": true
                    },
                    "tweetnacl": {
                      "version": "0.13.3",
                      "resolved": "https://registry.npmjs.org/tweetnacl/-/tweetnacl-0.13.3.tgz",
                      "integrity": "sha1-1ii1bzvMPVrnS6nUwacE3vWrS1Y=",
                      "optional": true
                    }
                  }
                }
              }
            },
            "is-typedarray": {
              "version": "1.0.0",
              "resolved": "https://registry.npmjs.org/is-typedarray/-/is-typedarray-1.0.0.tgz",
              "integrity": "sha1-5HnICFjfDBsR3dppQPlgEfzaSpo="
            },
            "isstream": {
              "version": "0.1.2",
              "resolved": "https://registry.npmjs.org/isstream/-/isstream-0.1.2.tgz",
              "integrity": "sha1-R+Y/evVa+m+S4VAOaQ64uFKcCZo="
            },
            "json-stringify-safe": {
              "version": "5.0.1",
              "resolved": "https://registry.npmjs.org/json-stringify-safe/-/json-stringify-safe-5.0.1.tgz",
              "integrity": "sha1-Epai1Y/UXxmg9s4B1lcB4sc1tus="
            },
            "mime-types": {
              "version": "2.1.11",
              "resolved": "https://registry.npmjs.org/mime-types/-/mime-types-2.1.11.tgz",
              "integrity": "sha1-wlnEcb2oCKhdbNGTtDCl+uRHOzw=",
              "requires": {
                "mime-db": "1.23.0"
              },
              "dependencies": {
                "mime-db": {
                  "version": "1.23.0",
                  "resolved": "https://registry.npmjs.org/mime-db/-/mime-db-1.23.0.tgz",
                  "integrity": "sha1-oxtAcK2uon1zLqMzdApk0OyaZlk="
                }
              }
            },
            "oauth-sign": {
              "version": "0.8.2",
              "resolved": "https://registry.npmjs.org/oauth-sign/-/oauth-sign-0.8.2.tgz",
              "integrity": "sha1-Rqarfwrq2N6unsBWV4C31O/rnUM="
            },
            "qs": {
              "version": "6.0.2",
              "resolved": "https://registry.npmjs.org/qs/-/qs-6.0.2.tgz",
              "integrity": "sha1-iMaNWQ6O1Wx2x581LBe5gkZqv80="
            },
            "stringstream": {
              "version": "0.0.5",
              "resolved": "https://registry.npmjs.org/stringstream/-/stringstream-0.0.5.tgz",
              "integrity": "sha1-TkhM1N5aC7vuGORjB3EKioFiGHg="
            },
            "tough-cookie": {
              "version": "2.2.2",
              "resolved": "https://registry.npmjs.org/tough-cookie/-/tough-cookie-2.2.2.tgz",
              "integrity": "sha1-yDoYMPTl7wuT7yo0iOck+N4Basc="
            },
            "tunnel-agent": {
              "version": "0.4.3",
              "resolved": "https://registry.npmjs.org/tunnel-agent/-/tunnel-agent-0.4.3.tgz",
              "integrity": "sha1-Y3PbdpCf5XDgjXNYM2Xtgop07us="
            }
          }
        },
        "underscore": {
          "version": "1.4.4",
          "resolved": "https://registry.npmjs.org/underscore/-/underscore-1.4.4.tgz",
          "integrity": "sha1-YaajIBBiKvoHljvzJSA88SI51gQ="
        },
        "validator": {
          "version": "3.22.2",
          "resolved": "https://registry.npmjs.org/validator/-/validator-3.22.2.tgz",
          "integrity": "sha1-byl65n9/gqzHbQr9tJ8Y2aCcGMA="
        },
        "xml2js": {
          "version": "0.2.7",
          "resolved": "https://registry.npmjs.org/xml2js/-/xml2js-0.2.7.tgz",
          "integrity": "sha1-GDhRi7AXQcrgh4urSRXklMMjBq8=",
          "requires": {
            "sax": "0.5.2"
          },
          "dependencies": {
            "sax": {
              "version": "0.5.2",
              "resolved": "https://registry.npmjs.org/sax/-/sax-0.5.2.tgz",
              "integrity": "sha1-c1/6o5oc/4/7lZjwIjq9sDqfsuo="
            }
          }
        },
        "xmlbuilder": {
          "version": "0.4.3",
          "resolved": "https://registry.npmjs.org/xmlbuilder/-/xmlbuilder-0.4.3.tgz",
          "integrity": "sha1-xGFLp04K0ZbmCcknLNnh3bKKilg="
        }
      }
    }
  }
}
